<?xml version="1.0" encoding="utf-8"?>
<Project ToolsVersion="4.0" xmlns="http://schemas.microsoft.com/developer/msbuild/2003">
  <ItemGroup>
    <Filter Include="Source Files">
      <UniqueIdentifier>{4FC737F1-C7A5-4376-A066-2A32D752A2FF}</UniqueIdentifier>
      <Extensions>cpp;c;cc;cxx;c++;cppm;ixx;def;odl;idl;hpj;bat;asm;asmx</Extensions>
    </Filter>
    <Filter Include="Header Files">
      <UniqueIdentifier>{93995380-89BD-4b04-88EB-625FBE52EBFB}</UniqueIdentifier>
      <Extensions>h;hh;hpp;hxx;h++;hm;inl;inc;ipp;xsd</Extensions>
    </Filter>
    <Filter Include="Resource Files">
      <UniqueIdentifier>{67DA6AB6-F800-4c08-8B7A-83BB121AAD01}</UniqueIdentifier>
      <Extensions>rc;ico;cur;bmp;dlg;rc2;rct;bin;rgs;gif;jpg;jpeg;jpe;resx;tiff;tif;png;wav;mfcribbon-ms</Extensions>
    </Filter>
    <Filter Include="Header Files\api">
      <UniqueIdentifier>{4b617dd0-b5b9-4581-be20-a77a8b03f01e}</UniqueIdentifier>
    </Filter>
    <Filter Include="Source Files\api">
      <UniqueIdentifier>{b7ab6995-af5f-4264-a812-faab030a317a}</UniqueIdentifier>
    </Filter>
    <Filter Include="Header Files\api\cameras">
      <UniqueIdentifier>{bad3287c-dc4e-4eac-a44a-c12454918d57}</UniqueIdentifier>
    </Filter>
    <Filter Include="Header Files\api\inputs">
      <UniqueIdentifier>{2533f5cc-d29d-4cc1-8936-22150ce7ba4d}</UniqueIdentifier>
    </Filter>
    <Filter Include="Header Files\api\lightings">
      <UniqueIdentifier>{ab9213e1-9e43-4c17-8f04-73f423000aa6}</UniqueIdentifier>
    </Filter>
    <Filter Include="Header Files\api\objects">
      <UniqueIdentifier>{ad7c3c4f-6811-4fd1-b7c8-890f7f8dd4e5}</UniqueIdentifier>
    </Filter>
    <Filter Include="Header Files\api\scenes">
      <UniqueIdentifier>{c00c8e5c-eaef-4d30-b1f3-63a982232af3}</UniqueIdentifier>
    </Filter>
    <Filter Include="Header Files\api\debugs">
      <UniqueIdentifier>{48090d86-4d02-4e37-a990-c636955f8d1a}</UniqueIdentifier>
    </Filter>
    <Filter Include="Source Files\api\cameras">
      <UniqueIdentifier>{3834bff5-fe25-4898-a383-72962107e0fd}</UniqueIdentifier>
    </Filter>
    <Filter Include="Source Files\api\debugs">
      <UniqueIdentifier>{1596fa6f-bda0-4bee-90e2-e6ab2f45f746}</UniqueIdentifier>
    </Filter>
    <Filter Include="Source Files\api\inputs">
      <UniqueIdentifier>{03ec31d4-2824-40e8-b2ce-f42cda779555}</UniqueIdentifier>
    </Filter>
    <Filter Include="Source Files\api\lightings">
      <UniqueIdentifier>{79326474-f178-4378-8329-c796a9b32ba0}</UniqueIdentifier>
    </Filter>
    <Filter Include="Source Files\api\scenes">
      <UniqueIdentifier>{ec919cc5-88e0-4d0d-9ffc-fdb2810f67ce}</UniqueIdentifier>
    </Filter>
    <Filter Include="Source Files\api\objects">
      <UniqueIdentifier>{aaa8a17c-3a98-401d-b2e2-7f4131edf35f}</UniqueIdentifier>
    </Filter>
    <Filter Include="Source Files\api\renders">
      <UniqueIdentifier>{08f73704-916d-4e93-9f9d-e9dc647fd17c}</UniqueIdentifier>
    </Filter>
    <Filter Include="Header Files\api\renders">
      <UniqueIdentifier>{4a83f883-c80f-4c60-a66b-1eedd78b1d86}</UniqueIdentifier>
    </Filter>
    <Filter Include="Header Files\api\physics">
      <UniqueIdentifier>{ba8e12d7-c160-429a-b794-cee2a68eba2b}</UniqueIdentifier>
    </Filter>
    <Filter Include="Source Files\api\physics">
      <UniqueIdentifier>{771eb490-255f-4f6e-bf36-da112df90d2f}</UniqueIdentifier>
    </Filter>
    <Filter Include="Header Files\engine">
      <UniqueIdentifier>{0524f3c2-f2f4-46e1-a9ba-6d36ecc9cf43}</UniqueIdentifier>
    </Filter>
    <Filter Include="Source Files\engine">
      <UniqueIdentifier>{bb850706-f8de-4fc3-9641-9c2826d8f72c}</UniqueIdentifier>
    </Filter>
    <Filter Include="Source Files\userfiles">
      <UniqueIdentifier>{d28ad136-2504-4930-b59a-fc827f153218}</UniqueIdentifier>
    </Filter>
    <Filter Include="Header Files\userfiles">
      <UniqueIdentifier>{70b85658-b7de-48a0-95c5-b3c5dd6bcb0f}</UniqueIdentifier>
    </Filter>
    <Filter Include="Source Files\userfiles\players">
      <UniqueIdentifier>{ea36d28f-ebd6-4791-ab58-60500179aa87}</UniqueIdentifier>
    </Filter>
    <Filter Include="Source Files\userfiles\scenes">
      <UniqueIdentifier>{8779bdf2-2490-4f83-bd6d-4566813262c7}</UniqueIdentifier>
    </Filter>
    <Filter Include="Header Files\userfiles\players">
      <UniqueIdentifier>{a56c8986-1707-4e8f-ad19-bab2ed83df81}</UniqueIdentifier>
    </Filter>
    <Filter Include="Header Files\userfiles\scenes">
      <UniqueIdentifier>{3562f7a2-da12-4a6d-b203-464ce04d155a}</UniqueIdentifier>
    </Filter>
    <Filter Include="Source Files\userfiles\elements">
      <UniqueIdentifier>{33ec92cb-953d-41d5-a28e-28d3975c13f1}</UniqueIdentifier>
    </Filter>
    <Filter Include="Header Files\userfiles\elements">
      <UniqueIdentifier>{2d53b1bb-a3a7-4552-b630-609761e1c6c2}</UniqueIdentifier>
    </Filter>
  </ItemGroup>
  <ItemGroup>
    <None Include="resources\shaders\FragmentShaderCode.glsl">
      <Filter>Resource Files</Filter>
    </None>
    <None Include="resources\shaders\VertexShaderCode.glsl">
      <Filter>Resource Files</Filter>
    </None>
    <None Include="resources\shaders\SkyboxFrag.glsl">
      <Filter>Resource Files</Filter>
    </None>
    <None Include="resources\shaders\SkyboxVert.glsl">
      <Filter>Resource Files</Filter>
    </None>
    <None Include="packages.config" />
  </ItemGroup>
  <ItemGroup>
    <Text Include="README.txt">
      <Filter>Source Files</Filter>
    </Text>
  </ItemGroup>
  <ItemGroup>
    <ClInclude Include="src\api\cameras\camera.h">
      <Filter>Header Files\api\cameras</Filter>
    </ClInclude>
    <ClInclude Include="src\api\debugs\debug.h">
      <Filter>Header Files\api\debugs</Filter>
    </ClInclude>
    <ClInclude Include="src\api\inputs\input.h">
      <Filter>Header Files\api\inputs</Filter>
    </ClInclude>
    <ClInclude Include="src\api\lightings\directionalLight.h">
      <Filter>Header Files\api\lightings</Filter>
    </ClInclude>
    <ClInclude Include="src\api\lightings\light.h">
      <Filter>Header Files\api\lightings</Filter>
    </ClInclude>
    <ClInclude Include="src\api\lightings\pointLight.h">
      <Filter>Header Files\api\lightings</Filter>
    </ClInclude>
    <ClInclude Include="src\api\lightings\shadows.h">
      <Filter>Header Files\api\lightings</Filter>
    </ClInclude>
    <ClInclude Include="src\api\lightings\spotLight.h">
      <Filter>Header Files\api\lightings</Filter>
    </ClInclude>
    <ClInclude Include="src\api\objects\models.h">
      <Filter>Header Files\api\objects</Filter>
    </ClInclude>
    <ClInclude Include="src\api\objects\object.h">
      <Filter>Header Files\api\objects</Filter>
    </ClInclude>
    <ClInclude Include="src\api\objects\transform.h">
      <Filter>Header Files\api\objects</Filter>
    </ClInclude>
    <ClInclude Include="src\api\scenes\scene.h">
      <Filter>Header Files\api\scenes</Filter>
    </ClInclude>
    <ClInclude Include="src\api\renders\renderer.h">
      <Filter>Header Files\api\renders</Filter>
    </ClInclude>
    <ClInclude Include="src\api\renders\shader.h">
      <Filter>Header Files\api\renders</Filter>
    </ClInclude>
    <ClInclude Include="src\api\renders\material.h">
      <Filter>Header Files\api\renders</Filter>
    </ClInclude>
    <ClInclude Include="src\api\renders\texture.h">
      <Filter>Header Files\api\renders</Filter>
    </ClInclude>
    <ClInclude Include="src\api\renders\ebo.h">
      <Filter>Header Files\api\renders</Filter>
    </ClInclude>
    <ClInclude Include="src\api\renders\vao.h">
      <Filter>Header Files\api\renders</Filter>
    </ClInclude>
    <ClInclude Include="src\api\renders\vbo.h">
      <Filter>Header Files\api\renders</Filter>
    </ClInclude>
    <ClInclude Include="src\api\cameraModule.h">
      <Filter>Header Files\api</Filter>
    </ClInclude>
    <ClInclude Include="src\api\debugModule.h">
      <Filter>Header Files\api</Filter>
    </ClInclude>
    <ClInclude Include="src\api\inputModule.h">
      <Filter>Header Files\api</Filter>
    </ClInclude>
    <ClInclude Include="src\api\lightingModule.h">
      <Filter>Header Files\api</Filter>
    </ClInclude>
    <ClInclude Include="src\api\objectModule.h">
      <Filter>Header Files\api</Filter>
    </ClInclude>
    <ClInclude Include="src\api\renderModule.h">
      <Filter>Header Files\api</Filter>
    </ClInclude>
    <ClInclude Include="src\api\sceneModule.h">
      <Filter>Header Files\api</Filter>
    </ClInclude>
    <ClInclude Include="src\api\objects\verticesObject.h">
      <Filter>Header Files\api\objects</Filter>
    </ClInclude>
    <ClInclude Include="src\api\objects\coloredVerticesObject.h">
      <Filter>Header Files\api\objects</Filter>
    </ClInclude>
    <ClInclude Include="src\api\objects\indexedColoredVerticesObject.h">
      <Filter>Header Files\api\objects</Filter>
    </ClInclude>
    <ClInclude Include="src\api\objects\modelObject.h">
      <Filter>Header Files\api\objects</Filter>
    </ClInclude>
    <ClInclude Include="src\api\scenes\sceneManager.h">
      <Filter>Header Files\api\scenes</Filter>
    </ClInclude>
    <ClInclude Include="src\api\cameras\perspectiveCamera.h">
      <Filter>Header Files\api\cameras</Filter>
    </ClInclude>
    <ClInclude Include="src\myapi.h">
      <Filter>Header Files</Filter>
    </ClInclude>
    <ClInclude Include="src\api\physics\collider.h">
      <Filter>Header Files\api\physics</Filter>
    </ClInclude>
    <ClInclude Include="src\api\physicsModule.h">
      <Filter>Header Files\api</Filter>
    </ClInclude>
    <ClInclude Include="src\api\physics\physicsEngine.h">
      <Filter>Header Files\api\physics</Filter>
    </ClInclude>
    <ClInclude Include="src\api\renders\skybox.h">
      <Filter>Header Files\api\renders</Filter>
    </ClInclude>
    <ClInclude Include="src\engine\Application.h">
      <Filter>Header Files\engine</Filter>
    </ClInclude>
    <ClInclude Include="src\engine\Resources.h">
      <Filter>Header Files\engine</Filter>
    </ClInclude>
    <ClInclude Include="src\engine\Sandbox.h">
      <Filter>Header Files\engine</Filter>
    </ClInclude>
    <ClInclude Include="src\userfiles\player.h">
      <Filter>Header Files\userfiles\players</Filter>
    </ClInclude>
    <ClInclude Include="src\userfiles\spaceScene.h">
      <Filter>Header Files\userfiles\scenes</Filter>
    </ClInclude>
    <ClInclude Include="src\engine\Time.h">
      <Filter>Header Files\engine</Filter>
    </ClInclude>
    <ClInclude Include="src\engine\Random.h">
      <Filter>Header Files\engine</Filter>
    </ClInclude>
    <ClInclude Include="src\api\physics\boxCollider.h">
      <Filter>Header Files\api\physics</Filter>
    </ClInclude>
    <ClInclude Include="src\api\physics\sphereCollider.h">
      <Filter>Header Files\api\physics</Filter>
    </ClInclude>
    <ClInclude Include="src\userfiles\craft.h">
      <Filter>Header Files\userfiles\elements</Filter>
    </ClInclude>
  </ItemGroup>
  <ItemGroup>
    <ClCompile Include="src\api\cameras\camera.cpp">
      <Filter>Source Files\api\cameras</Filter>
    </ClCompile>
    <ClCompile Include="src\api\debugs\debug.cpp">
      <Filter>Source Files\api\debugs</Filter>
    </ClCompile>
    <ClCompile Include="src\api\inputs\input.cpp">
      <Filter>Source Files\api\inputs</Filter>
    </ClCompile>
    <ClCompile Include="src\api\lightings\directionalLight.cpp">
      <Filter>Source Files\api\lightings</Filter>
    </ClCompile>
    <ClCompile Include="src\api\lightings\light.cpp">
      <Filter>Source Files\api\lightings</Filter>
    </ClCompile>
    <ClCompile Include="src\api\lightings\pointLight.cpp">
      <Filter>Source Files\api\lightings</Filter>
    </ClCompile>
    <ClCompile Include="src\api\lightings\shadow.cpp">
      <Filter>Source Files\api\lightings</Filter>
    </ClCompile>
    <ClCompile Include="src\api\lightings\spotLight.cpp">
      <Filter>Source Files\api\lightings</Filter>
    </ClCompile>
    <ClCompile Include="src\api\scenes\scene.cpp">
      <Filter>Source Files\api\scenes</Filter>
    </ClCompile>
    <ClCompile Include="src\api\renders\renderer.cpp">
      <Filter>Source Files\api\renders</Filter>
    </ClCompile>
    <ClCompile Include="src\api\renders\shader.cpp">
      <Filter>Source Files\api\renders</Filter>
    </ClCompile>
    <ClCompile Include="src\api\renders\material.cpp">
      <Filter>Source Files\api\renders</Filter>
    </ClCompile>
    <ClCompile Include="src\api\renders\texture.cpp">
      <Filter>Source Files\api\renders</Filter>
    </ClCompile>
    <ClCompile Include="src\api\renders\vao.cpp">
      <Filter>Source Files\api\renders</Filter>
    </ClCompile>
    <ClCompile Include="src\api\renders\vbo.cpp">
      <Filter>Source Files\api\renders</Filter>
    </ClCompile>
    <ClCompile Include="src\api\renders\ebo.cpp">
      <Filter>Source Files\api\renders</Filter>
    </ClCompile>
    <ClCompile Include="src\api\objects\indexedColoredVerticesObject.cpp">
      <Filter>Source Files\api\objects</Filter>
    </ClCompile>
    <ClCompile Include="src\api\objects\modelObject.cpp">
      <Filter>Source Files\api\objects</Filter>
    </ClCompile>
    <ClCompile Include="src\api\objects\models.cpp">
      <Filter>Source Files\api\objects</Filter>
    </ClCompile>
    <ClCompile Include="src\api\objects\object.cpp">
      <Filter>Source Files\api\objects</Filter>
    </ClCompile>
    <ClCompile Include="src\api\objects\transform.cpp">
      <Filter>Source Files\api\objects</Filter>
    </ClCompile>
    <ClCompile Include="src\api\objects\verticesObject.cpp">
      <Filter>Source Files\api\objects</Filter>
    </ClCompile>
    <ClCompile Include="src\api\objects\coloredVerticesObject.cpp">
      <Filter>Source Files\api\objects</Filter>
    </ClCompile>
    <ClCompile Include="src\api\scenes\sceneManager.cpp">
      <Filter>Source Files\api\scenes</Filter>
    </ClCompile>
    <ClCompile Include="src\api\cameras\perspectiveCamera.cpp">
      <Filter>Source Files\api\cameras</Filter>
    </ClCompile>
    <ClCompile Include="src\main.cpp">
      <Filter>Source Files</Filter>
    </ClCompile>
    <ClCompile Include="src\api\physics\collider.cpp">
      <Filter>Source Files\api\physics</Filter>
    </ClCompile>
    <ClCompile Include="src\api\physics\physicsEngine.cpp">
      <Filter>Source Files\api\physics</Filter>
    </ClCompile>
    <ClCompile Include="src\api\renders\skybox.cpp">
      <Filter>Source Files\api\renders</Filter>
    </ClCompile>
    <ClCompile Include="src\engine\Application.cpp">
      <Filter>Source Files\engine</Filter>
    </ClCompile>
    <ClCompile Include="src\engine\Resources.cpp">
      <Filter>Source Files\engine</Filter>
    </ClCompile>
    <ClCompile Include="src\engine\Sandbox.cpp">
      <Filter>Source Files\engine</Filter>
    </ClCompile>
    <ClCompile Include="src\userfiles\player.cpp">
      <Filter>Source Files\userfiles\players</Filter>
    </ClCompile>
    <ClCompile Include="src\userfiles\spaceScene.cpp">
      <Filter>Source Files\userfiles\scenes</Filter>
    </ClCompile>
    <ClCompile Include="src\engine\Time.cpp">
      <Filter>Source Files\engine</Filter>
    </ClCompile>
    <ClCompile Include="src\engine\Random.cpp">
      <Filter>Source Files\engine</Filter>
    </ClCompile>
    <ClCompile Include="src\api\physics\boxCollider.cpp">
      <Filter>Source Files\api\physics</Filter>
    </ClCompile>
    <ClCompile Include="src\api\physics\sphereCollider.cpp">
      <Filter>Source Files\api\physics</Filter>
    </ClCompile>
    <ClCompile Include="src\api\objects\component.cpp">
      <Filter>Source Files\api\objects</Filter>
    </ClCompile>
    <ClCompile Include="src\userfiles\craft.cpp">
      <Filter>Source Files\userfiles\elements</Filter>
    </ClCompile>
  </ItemGroup>
</Project>